
Microsoft Visual Studio Solution File, Format Version 12.00
# Visual Studio Version 17
VisualStudioVersion = 17.6.33829.357
MinimumVisualStudioVersion = 10.0.40219.1
Project("{FAE04EC0-301F-11D3-BF4B-00C04F79EFBC}") = "CityInfo.API", "CityInfo.API.csproj", "{AABAEEDC-D751-4F7C-97A0-8C22FD5479D6}"
EndProject
Global
	GlobalSection(SolutionConfigurationPlatforms) = preSolution
		Debug|Any CPU = Debug|Any CPU
		Release|Any CPU = Release|Any CPU
	EndGlobalSection
	GlobalSection(ProjectConfigurationPlatforms) = postSolution
		{AABAEEDC-D751-4F7C-97A0-8C22FD5479D6}.Debug|Any CPU.ActiveCfg = Debug|Any CPU
		{AABAEEDC-D751-4F7C-97A0-8C22FD5479D6}.Debug|Any CPU.Build.0 = Debug|Any CPU
		{AABAEEDC-D751-4F7C-97A0-8C22FD5479D6}.Release|Any CPU.ActiveCfg = Release|Any CPU
		{AABAEEDC-D751-4F7C-97A0-8C22FD5479D6}.Release|Any CPU.Build.0 = Release|Any CPU
	EndGlobalSection
	GlobalSection(SolutionProperties) = preSolution
		HideSolutionNode = FALSE
	EndGlobalSection
	GlobalSection(ExtensibilityGlobals) = postSolution
		SolutionGuid = {F935A23A-8E69-4008-A9DD-474738A8211E}
	EndGlobalSection
EndGlobal
